
Microsoft Visual Studio Solution File, Format Version 12.00
# Visual Studio 15
VisualStudioVersion = 15.0.26124.0
MinimumVisualStudioVersion = 15.0.26124.0
Project("{FAE04EC0-301F-11D3-BF4B-00C04F79EFBC}") = "AutofacFun.Tests", "AutofacFun.Tests\AutofacFun.Tests.csproj", "{556B2537-E04A-4F3C-AE28-9D24E5242036}"
EndProject
Project("{FAE04EC0-301F-11D3-BF4B-00C04F79EFBC}") = "AutofacFun", "AutofacFun\AutofacFun.csproj", "{D5FDE1B6-7D7F-4CCE-A69C-6413362473A0}"
EndProject
Project("{FAE04EC0-301F-11D3-BF4B-00C04F79EFBC}") = "AutofacFun.Service", "AutofacFun.Service\AutofacFun.Service.csproj", "{FB1AFDEC-5AF5-4FB1-8945-FE91BA0103EB}"
EndProject
Global
	GlobalSection(SolutionConfigurationPlatforms) = preSolution
		Debug|Any CPU = Debug|Any CPU
		Debug|x64 = Debug|x64
		Debug|x86 = Debug|x86
		Release|Any CPU = Release|Any CPU
		Release|x64 = Release|x64
		Release|x86 = Release|x86
	EndGlobalSection
	GlobalSection(SolutionProperties) = preSolution
		HideSolutionNode = FALSE
	EndGlobalSection
	GlobalSection(ProjectConfigurationPlatforms) = postSolution
		{556B2537-E04A-4F3C-AE28-9D24E5242036}.Debug|Any CPU.ActiveCfg = Debug|Any CPU
		{556B2537-E04A-4F3C-AE28-9D24E5242036}.Debug|Any CPU.Build.0 = Debug|Any CPU
		{556B2537-E04A-4F3C-AE28-9D24E5242036}.Debug|x64.ActiveCfg = Debug|Any CPU
		{556B2537-E04A-4F3C-AE28-9D24E5242036}.Debug|x64.Build.0 = Debug|Any CPU
		{556B2537-E04A-4F3C-AE28-9D24E5242036}.Debug|x86.ActiveCfg = Debug|Any CPU
		{556B2537-E04A-4F3C-AE28-9D24E5242036}.Debug|x86.Build.0 = Debug|Any CPU
		{556B2537-E04A-4F3C-AE28-9D24E5242036}.Release|Any CPU.ActiveCfg = Release|Any CPU
		{556B2537-E04A-4F3C-AE28-9D24E5242036}.Release|Any CPU.Build.0 = Release|Any CPU
		{556B2537-E04A-4F3C-AE28-9D24E5242036}.Release|x64.ActiveCfg = Release|Any CPU
		{556B2537-E04A-4F3C-AE28-9D24E5242036}.Release|x64.Build.0 = Release|Any CPU
		{556B2537-E04A-4F3C-AE28-9D24E5242036}.Release|x86.ActiveCfg = Release|Any CPU
		{556B2537-E04A-4F3C-AE28-9D24E5242036}.Release|x86.Build.0 = Release|Any CPU
		{D5FDE1B6-7D7F-4CCE-A69C-6413362473A0}.Debug|Any CPU.ActiveCfg = Debug|Any CPU
		{D5FDE1B6-7D7F-4CCE-A69C-6413362473A0}.Debug|Any CPU.Build.0 = Debug|Any CPU
		{D5FDE1B6-7D7F-4CCE-A69C-6413362473A0}.Debug|x64.ActiveCfg = Debug|Any CPU
		{D5FDE1B6-7D7F-4CCE-A69C-6413362473A0}.Debug|x64.Build.0 = Debug|Any CPU
		{D5FDE1B6-7D7F-4CCE-A69C-6413362473A0}.Debug|x86.ActiveCfg = Debug|Any CPU
		{D5FDE1B6-7D7F-4CCE-A69C-6413362473A0}.Debug|x86.Build.0 = Debug|Any CPU
		{D5FDE1B6-7D7F-4CCE-A69C-6413362473A0}.Release|Any CPU.ActiveCfg = Release|Any CPU
		{D5FDE1B6-7D7F-4CCE-A69C-6413362473A0}.Release|Any CPU.Build.0 = Release|Any CPU
		{D5FDE1B6-7D7F-4CCE-A69C-6413362473A0}.Release|x64.ActiveCfg = Release|Any CPU
		{D5FDE1B6-7D7F-4CCE-A69C-6413362473A0}.Release|x64.Build.0 = Release|Any CPU
		{D5FDE1B6-7D7F-4CCE-A69C-6413362473A0}.Release|x86.ActiveCfg = Release|Any CPU
		{D5FDE1B6-7D7F-4CCE-A69C-6413362473A0}.Release|x86.Build.0 = Release|Any CPU
		{FB1AFDEC-5AF5-4FB1-8945-FE91BA0103EB}.Debug|Any CPU.ActiveCfg = Debug|Any CPU
		{FB1AFDEC-5AF5-4FB1-8945-FE91BA0103EB}.Debug|Any CPU.Build.0 = Debug|Any CPU
		{FB1AFDEC-5AF5-4FB1-8945-FE91BA0103EB}.Debug|x64.ActiveCfg = Debug|Any CPU
		{FB1AFDEC-5AF5-4FB1-8945-FE91BA0103EB}.Debug|x64.Build.0 = Debug|Any CPU
		{FB1AFDEC-5AF5-4FB1-8945-FE91BA0103EB}.Debug|x86.ActiveCfg = Debug|Any CPU
		{FB1AFDEC-5AF5-4FB1-8945-FE91BA0103EB}.Debug|x86.Build.0 = Debug|Any CPU
		{FB1AFDEC-5AF5-4FB1-8945-FE91BA0103EB}.Release|Any CPU.ActiveCfg = Release|Any CPU
		{FB1AFDEC-5AF5-4FB1-8945-FE91BA0103EB}.Release|Any CPU.Build.0 = Release|Any CPU
		{FB1AFDEC-5AF5-4FB1-8945-FE91BA0103EB}.Release|x64.ActiveCfg = Release|Any CPU
		{FB1AFDEC-5AF5-4FB1-8945-FE91BA0103EB}.Release|x64.Build.0 = Release|Any CPU
		{FB1AFDEC-5AF5-4FB1-8945-FE91BA0103EB}.Release|x86.ActiveCfg = Release|Any CPU
		{FB1AFDEC-5AF5-4FB1-8945-FE91BA0103EB}.Release|x86.Build.0 = Release|Any CPU
	EndGlobalSection
EndGlobal
